Microsoft Visual Studio Solution File, Format Version 12.00
# Visual Studio 14
VisualStudioVersion = 14.0.25420.1
MinimumVisualStudioVersion = 10.0.40219.1
Project("{8BC9CEB8-8B4A-11D0-8D11-00A0C91BC942}") = "ALL_BUILD", "ALL_BUILD.vcxproj", "{B0F61335-A342-3C97-AA18-CA3992BA71B6}"
	ProjectSection(ProjectDependencies) = postProject
		{B1A6EF0B-604B-3B9E-B347-BB7CF64F123B} = {B1A6EF0B-604B-3B9E-B347-BB7CF64F123B}
		{0D74A910-1F30-3EF4-BF6A-FBEFE8E348DD} = {0D74A910-1F30-3EF4-BF6A-FBEFE8E348DD}
		{37089161-9DA1-3D05-B28F-144EAA8B3609} = {37089161-9DA1-3D05-B28F-144EAA8B3609}
		{1401B473-D917-3B33-A7C4-9F95FABB6A80} = {1401B473-D917-3B33-A7C4-9F95FABB6A80}
		{C806489F-2129-3FC9-A762-49090C129A79} = {C806489F-2129-3FC9-A762-49090C129A79}
		{3D0E92A6-4D75-3BBB-983B-8F8F9AB607AA} = {3D0E92A6-4D75-3BBB-983B-8F8F9AB607AA}
	EndProjectSection
EndProject
Project("{8BC9CEB8-8B4A-11D0-8D11-00A0C91BC942}") = "INSTALL", "INSTALL.vcxproj", "{AD859F13-9D38-34DA-A8F3-8CCFFF20B4CD}"
	ProjectSection(ProjectDependencies) = postProject
		{B0F61335-A342-3C97-AA18-CA3992BA71B6} = {B0F61335-A342-3C97-AA18-CA3992BA71B6}
		{37089161-9DA1-3D05-B28F-144EAA8B3609} = {37089161-9DA1-3D05-B28F-144EAA8B3609}
	EndProjectSection
EndProject
Project("{8BC9CEB8-8B4A-11D0-8D11-00A0C91BC942}") = "ZERO_CHECK", "ZERO_CHECK.vcxproj", "{37089161-9DA1-3D05-B28F-144EAA8B3609}"
EndProject
Project("{8BC9CEB8-8B4A-11D0-8D11-00A0C91BC942}") = "ext_eigen", "elibs\ext_eigen.vcxproj", "{1401B473-D917-3B33-A7C4-9F95FABB6A80}"
	ProjectSection(ProjectDependencies) = postProject
		{37089161-9DA1-3D05-B28F-144EAA8B3609} = {37089161-9DA1-3D05-B28F-144EAA8B3609}
	EndProjectSection
EndProject
Project("{8BC9CEB8-8B4A-11D0-8D11-00A0C91BC942}") = "ext_rayint", "elibs\ext_rayint.vcxproj", "{B1A6EF0B-604B-3B9E-B347-BB7CF64F123B}"
	ProjectSection(ProjectDependencies) = postProject
		{37089161-9DA1-3D05-B28F-144EAA8B3609} = {37089161-9DA1-3D05-B28F-144EAA8B3609}
	EndProjectSection
EndProject
Project("{8BC9CEB8-8B4A-11D0-8D11-00A0C91BC942}") = "mrf", "libs\mrf\mrf.vcxproj", "{3D0E92A6-4D75-3BBB-983B-8F8F9AB607AA}"
	ProjectSection(ProjectDependencies) = postProject
		{37089161-9DA1-3D05-B28F-144EAA8B3609} = {37089161-9DA1-3D05-B28F-144EAA8B3609}
	EndProjectSection
EndProject
Project("{8BC9CEB8-8B4A-11D0-8D11-00A0C91BC942}") = "tex", "libs\tex\tex.vcxproj", "{0D74A910-1F30-3EF4-BF6A-FBEFE8E348DD}"
	ProjectSection(ProjectDependencies) = postProject
		{B1A6EF0B-604B-3B9E-B347-BB7CF64F123B} = {B1A6EF0B-604B-3B9E-B347-BB7CF64F123B}
		{37089161-9DA1-3D05-B28F-144EAA8B3609} = {37089161-9DA1-3D05-B28F-144EAA8B3609}
		{1401B473-D917-3B33-A7C4-9F95FABB6A80} = {1401B473-D917-3B33-A7C4-9F95FABB6A80}
		{3D0E92A6-4D75-3BBB-983B-8F8F9AB607AA} = {3D0E92A6-4D75-3BBB-983B-8F8F9AB607AA}
	EndProjectSection
EndProject
Project("{8BC9CEB8-8B4A-11D0-8D11-00A0C91BC942}") = "texrecon", "apps\texrecon\texrecon.vcxproj", "{C806489F-2129-3FC9-A762-49090C129A79}"
	ProjectSection(ProjectDependencies) = postProject
		{B1A6EF0B-604B-3B9E-B347-BB7CF64F123B} = {B1A6EF0B-604B-3B9E-B347-BB7CF64F123B}
		{0D74A910-1F30-3EF4-BF6A-FBEFE8E348DD} = {0D74A910-1F30-3EF4-BF6A-FBEFE8E348DD}
		{37089161-9DA1-3D05-B28F-144EAA8B3609} = {37089161-9DA1-3D05-B28F-144EAA8B3609}
		{1401B473-D917-3B33-A7C4-9F95FABB6A80} = {1401B473-D917-3B33-A7C4-9F95FABB6A80}
		{3D0E92A6-4D75-3BBB-983B-8F8F9AB607AA} = {3D0E92A6-4D75-3BBB-983B-8F8F9AB607AA}
	EndProjectSection
EndProject
Project("{8BC9CEB8-8B4A-11D0-8D11-00A0C91BC942}") = "texture_dll", "apps\texture_dll\texture_dll.vcxproj", "{266AB650-9A8E-40DA-B16C-20212B448A6C}"
EndProject
Project("{8BC9CEB8-8B4A-11D0-8D11-00A0C91BC942}") = "hole_fixer", "hole_fixer\hole_fixer.vcxproj", "{7DE6B4C0-0DA6-4E57-A3C0-19AFE5B103E6}"
EndProject
Global
	GlobalSection(SolutionConfigurationPlatforms) = preSolution
		Debug|x64 = Debug|x64
		Debug|x86 = Debug|x86
		MinSizeRel|x64 = MinSizeRel|x64
		MinSizeRel|x86 = MinSizeRel|x86
		Release|x64 = Release|x64
		Release|x86 = Release|x86
		RelWithDebInfo|x64 = RelWithDebInfo|x64
		RelWithDebInfo|x86 = RelWithDebInfo|x86
	EndGlobalSection
	GlobalSection(ProjectConfigurationPlatforms) = postSolution
		{B0F61335-A342-3C97-AA18-CA3992BA71B6}.Debug|x64.ActiveCfg = Debug|x64
		{B0F61335-A342-3C97-AA18-CA3992BA71B6}.Debug|x64.Build.0 = Debug|x64
		{B0F61335-A342-3C97-AA18-CA3992BA71B6}.Debug|x86.ActiveCfg = Debug|x64
		{B0F61335-A342-3C97-AA18-CA3992BA71B6}.MinSizeRel|x64.ActiveCfg = MinSizeRel|x64
		{B0F61335-A342-3C97-AA18-CA3992BA71B6}.MinSizeRel|x64.Build.0 = MinSizeRel|x64
		{B0F61335-A342-3C97-AA18-CA3992BA71B6}.MinSizeRel|x86.ActiveCfg = MinSizeRel|x64
		{B0F61335-A342-3C97-AA18-CA3992BA71B6}.Release|x64.ActiveCfg = Release|x64
		{B0F61335-A342-3C97-AA18-CA3992BA71B6}.Release|x64.Build.0 = Release|x64
		{B0F61335-A342-3C97-AA18-CA3992BA71B6}.Release|x86.ActiveCfg = Release|x64
		{B0F61335-A342-3C97-AA18-CA3992BA71B6}.RelWithDebInfo|x64.ActiveCfg = RelWithDebInfo|x64
		{B0F61335-A342-3C97-AA18-CA3992BA71B6}.RelWithDebInfo|x64.Build.0 = RelWithDebInfo|x64
		{B0F61335-A342-3C97-AA18-CA3992BA71B6}.RelWithDebInfo|x86.ActiveCfg = RelWithDebInfo|x64
		{AD859F13-9D38-34DA-A8F3-8CCFFF20B4CD}.Debug|x64.ActiveCfg = Debug|x64
		{AD859F13-9D38-34DA-A8F3-8CCFFF20B4CD}.Debug|x86.ActiveCfg = Debug|x64
		{AD859F13-9D38-34DA-A8F3-8CCFFF20B4CD}.MinSizeRel|x64.ActiveCfg = MinSizeRel|x64
		{AD859F13-9D38-34DA-A8F3-8CCFFF20B4CD}.MinSizeRel|x86.ActiveCfg = MinSizeRel|x64
		{AD859F13-9D38-34DA-A8F3-8CCFFF20B4CD}.Release|x64.ActiveCfg = Release|x64
		{AD859F13-9D38-34DA-A8F3-8CCFFF20B4CD}.Release|x86.ActiveCfg = Release|x64
		{AD859F13-9D38-34DA-A8F3-8CCFFF20B4CD}.RelWithDebInfo|x64.ActiveCfg = RelWithDebInfo|x64
		{AD859F13-9D38-34DA-A8F3-8CCFFF20B4CD}.RelWithDebInfo|x86.ActiveCfg = RelWithDebInfo|x64
		{37089161-9DA1-3D05-B28F-144EAA8B3609}.Debug|x64.ActiveCfg = Debug|x64
		{37089161-9DA1-3D05-B28F-144EAA8B3609}.Debug|x64.Build.0 = Debug|x64
		{37089161-9DA1-3D05-B28F-144EAA8B3609}.Debug|x86.ActiveCfg = Debug|x64
		{37089161-9DA1-3D05-B28F-144EAA8B3609}.MinSizeRel|x64.ActiveCfg = MinSizeRel|x64
		{37089161-9DA1-3D05-B28F-144EAA8B3609}.MinSizeRel|x64.Build.0 = MinSizeRel|x64
		{37089161-9DA1-3D05-B28F-144EAA8B3609}.MinSizeRel|x86.ActiveCfg = MinSizeRel|x64
		{37089161-9DA1-3D05-B28F-144EAA8B3609}.Release|x64.ActiveCfg = Release|x64
		{37089161-9DA1-3D05-B28F-144EAA8B3609}.Release|x64.Build.0 = Release|x64
		{37089161-9DA1-3D05-B28F-144EAA8B3609}.Release|x86.ActiveCfg = Release|x64
		{37089161-9DA1-3D05-B28F-144EAA8B3609}.RelWithDebInfo|x64.ActiveCfg = RelWithDebInfo|x64
		{37089161-9DA1-3D05-B28F-144EAA8B3609}.RelWithDebInfo|x64.Build.0 = RelWithDebInfo|x64
		{37089161-9DA1-3D05-B28F-144EAA8B3609}.RelWithDebInfo|x86.ActiveCfg = RelWithDebInfo|x64
		{1401B473-D917-3B33-A7C4-9F95FABB6A80}.Debug|x64.ActiveCfg = Debug|x64
		{1401B473-D917-3B33-A7C4-9F95FABB6A80}.Debug|x64.Build.0 = Debug|x64
		{1401B473-D917-3B33-A7C4-9F95FABB6A80}.Debug|x86.ActiveCfg = Debug|x64
		{1401B473-D917-3B33-A7C4-9F95FABB6A80}.MinSizeRel|x64.ActiveCfg = MinSizeRel|x64
		{1401B473-D917-3B33-A7C4-9F95FABB6A80}.MinSizeRel|x64.Build.0 = MinSizeRel|x64
		{1401B473-D917-3B33-A7C4-9F95FABB6A80}.MinSizeRel|x86.ActiveCfg = MinSizeRel|x64
		{1401B473-D917-3B33-A7C4-9F95FABB6A80}.Release|x64.ActiveCfg = Release|x64
		{1401B473-D917-3B33-A7C4-9F95FABB6A80}.Release|x64.Build.0 = Release|x64
		{1401B473-D917-3B33-A7C4-9F95FABB6A80}.Release|x86.ActiveCfg = Release|x64
		{1401B473-D917-3B33-A7C4-9F95FABB6A80}.RelWithDebInfo|x64.ActiveCfg = RelWithDebInfo|x64
		{1401B473-D917-3B33-A7C4-9F95FABB6A80}.RelWithDebInfo|x64.Build.0 = RelWithDebInfo|x64
		{1401B473-D917-3B33-A7C4-9F95FABB6A80}.RelWithDebInfo|x86.ActiveCfg = RelWithDebInfo|x64
		{B1A6EF0B-604B-3B9E-B347-BB7CF64F123B}.Debug|x64.ActiveCfg = Debug|x64
		{B1A6EF0B-604B-3B9E-B347-BB7CF64F123B}.Debug|x64.Build.0 = Debug|x64
		{B1A6EF0B-604B-3B9E-B347-BB7CF64F123B}.Debug|x86.ActiveCfg = Debug|x64
		{B1A6EF0B-604B-3B9E-B347-BB7CF64F123B}.MinSizeRel|x64.ActiveCfg = MinSizeRel|x64
		{B1A6EF0B-604B-3B9E-B347-BB7CF64F123B}.MinSizeRel|x64.Build.0 = MinSizeRel|x64
		{B1A6EF0B-604B-3B9E-B347-BB7CF64F123B}.MinSizeRel|x86.ActiveCfg = MinSizeRel|x64
		{B1A6EF0B-604B-3B9E-B347-BB7CF64F123B}.Release|x64.ActiveCfg = Release|x64
		{B1A6EF0B-604B-3B9E-B347-BB7CF64F123B}.Release|x64.Build.0 = Release|x64
		{B1A6EF0B-604B-3B9E-B347-BB7CF64F123B}.Release|x86.ActiveCfg = Release|x64
		{B1A6EF0B-604B-3B9E-B347-BB7CF64F123B}.RelWithDebInfo|x64.ActiveCfg = RelWithDebInfo|x64
		{B1A6EF0B-604B-3B9E-B347-BB7CF64F123B}.RelWithDebInfo|x64.Build.0 = RelWithDebInfo|x64
		{B1A6EF0B-604B-3B9E-B347-BB7CF64F123B}.RelWithDebInfo|x86.ActiveCfg = RelWithDebInfo|x64
		{3D0E92A6-4D75-3BBB-983B-8F8F9AB607AA}.Debug|x64.ActiveCfg = Debug|x64
		{3D0E92A6-4D75-3BBB-983B-8F8F9AB607AA}.Debug|x64.Build.0 = Debug|x64
		{3D0E92A6-4D75-3BBB-983B-8F8F9AB607AA}.Debug|x86.ActiveCfg = Debug|x64
		{3D0E92A6-4D75-3BBB-983B-8F8F9AB607AA}.MinSizeRel|x64.ActiveCfg = MinSizeRel|x64
		{3D0E92A6-4D75-3BBB-983B-8F8F9AB607AA}.MinSizeRel|x64.Build.0 = MinSizeRel|x64
		{3D0E92A6-4D75-3BBB-983B-8F8F9AB607AA}.MinSizeRel|x86.ActiveCfg = MinSizeRel|x64
		{3D0E92A6-4D75-3BBB-983B-8F8F9AB607AA}.Release|x64.ActiveCfg = Release|x64
		{3D0E92A6-4D75-3BBB-983B-8F8F9AB607AA}.Release|x64.Build.0 = Release|x64
		{3D0E92A6-4D75-3BBB-983B-8F8F9AB607AA}.Release|x86.ActiveCfg = Release|x64
		{3D0E92A6-4D75-3BBB-983B-8F8F9AB607AA}.RelWithDebInfo|x64.ActiveCfg = RelWithDebInfo|x64
		{3D0E92A6-4D75-3BBB-983B-8F8F9AB607AA}.RelWithDebInfo|x64.Build.0 = RelWithDebInfo|x64
		{3D0E92A6-4D75-3BBB-983B-8F8F9AB607AA}.RelWithDebInfo|x86.ActiveCfg = RelWithDebInfo|x64
		{0D74A910-1F30-3EF4-BF6A-FBEFE8E348DD}.Debug|x64.ActiveCfg = Debug|x64
		{0D74A910-1F30-3EF4-BF6A-FBEFE8E348DD}.Debug|x64.Build.0 = Debug|x64
		{0D74A910-1F30-3EF4-BF6A-FBEFE8E348DD}.Debug|x86.ActiveCfg = Debug|x64
		{0D74A910-1F30-3EF4-BF6A-FBEFE8E348DD}.MinSizeRel|x64.ActiveCfg = MinSizeRel|x64
		{0D74A910-1F30-3EF4-BF6A-FBEFE8E348DD}.MinSizeRel|x64.Build.0 = MinSizeRel|x64
		{0D74A910-1F30-3EF4-BF6A-FBEFE8E348DD}.MinSizeRel|x86.ActiveCfg = MinSizeRel|x64
		{0D74A910-1F30-3EF4-BF6A-FBEFE8E348DD}.Release|x64.ActiveCfg = Release|x64
		{0D74A910-1F30-3EF4-BF6A-FBEFE8E348DD}.Release|x64.Build.0 = Release|x64
		{0D74A910-1F30-3EF4-BF6A-FBEFE8E348DD}.Release|x86.ActiveCfg = Release|x64
		{0D74A910-1F30-3EF4-BF6A-FBEFE8E348DD}.RelWithDebInfo|x64.ActiveCfg = RelWithDebInfo|x64
		{0D74A910-1F30-3EF4-BF6A-FBEFE8E348DD}.RelWithDebInfo|x64.Build.0 = RelWithDebInfo|x64
		{0D74A910-1F30-3EF4-BF6A-FBEFE8E348DD}.RelWithDebInfo|x86.ActiveCfg = RelWithDebInfo|x64
		{C806489F-2129-3FC9-A762-49090C129A79}.Debug|x64.ActiveCfg = Debug|x64
		{C806489F-2129-3FC9-A762-49090C129A79}.Debug|x64.Build.0 = Debug|x64
		{C806489F-2129-3FC9-A762-49090C129A79}.Debug|x86.ActiveCfg = Debug|x64
		{C806489F-2129-3FC9-A762-49090C129A79}.MinSizeRel|x64.ActiveCfg = MinSizeRel|x64
		{C806489F-2129-3FC9-A762-49090C129A79}.MinSizeRel|x64.Build.0 = MinSizeRel|x64
		{C806489F-2129-3FC9-A762-49090C129A79}.MinSizeRel|x86.ActiveCfg = MinSizeRel|x64
		{C806489F-2129-3FC9-A762-49090C129A79}.Release|x64.ActiveCfg = Release|x64
		{C806489F-2129-3FC9-A762-49090C129A79}.Release|x64.Build.0 = Release|x64
		{C806489F-2129-3FC9-A762-49090C129A79}.Release|x86.ActiveCfg = Release|x64
		{C806489F-2129-3FC9-A762-49090C129A79}.RelWithDebInfo|x64.ActiveCfg = RelWithDebInfo|x64
		{C806489F-2129-3FC9-A762-49090C129A79}.RelWithDebInfo|x64.Build.0 = RelWithDebInfo|x64
		{C806489F-2129-3FC9-A762-49090C129A79}.RelWithDebInfo|x86.ActiveCfg = RelWithDebInfo|x64
		{266AB650-9A8E-40DA-B16C-20212B448A6C}.Debug|x64.ActiveCfg = Release|x64
		{266AB650-9A8E-40DA-B16C-20212B448A6C}.Debug|x64.Build.0 = Release|x64
		{266AB650-9A8E-40DA-B16C-20212B448A6C}.Debug|x86.ActiveCfg = Debug|Win32
		{266AB650-9A8E-40DA-B16C-20212B448A6C}.Debug|x86.Build.0 = Debug|Win32
		{266AB650-9A8E-40DA-B16C-20212B448A6C}.MinSizeRel|x64.ActiveCfg = Release|x64
		{266AB650-9A8E-40DA-B16C-20212B448A6C}.MinSizeRel|x64.Build.0 = Release|x64
		{266AB650-9A8E-40DA-B16C-20212B448A6C}.MinSizeRel|x86.ActiveCfg = Release|Win32
		{266AB650-9A8E-40DA-B16C-20212B448A6C}.MinSizeRel|x86.Build.0 = Release|Win32
		{266AB650-9A8E-40DA-B16C-20212B448A6C}.Release|x64.ActiveCfg = Release|x64
		{266AB650-9A8E-40DA-B16C-20212B448A6C}.Release|x64.Build.0 = Release|x64
		{266AB650-9A8E-40DA-B16C-20212B448A6C}.Release|x86.ActiveCfg = Release|Win32
		{266AB650-9A8E-40DA-B16C-20212B448A6C}.Release|x86.Build.0 = Release|Win32
		{266AB650-9A8E-40DA-B16C-20212B448A6C}.RelWithDebInfo|x64.ActiveCfg = Release|x64
		{266AB650-9A8E-40DA-B16C-20212B448A6C}.RelWithDebInfo|x64.Build.0 = Release|x64
		{266AB650-9A8E-40DA-B16C-20212B448A6C}.RelWithDebInfo|x86.ActiveCfg = Release|Win32
		{266AB650-9A8E-40DA-B16C-20212B448A6C}.RelWithDebInfo|x86.Build.0 = Release|Win32
		{7DE6B4C0-0DA6-4E57-A3C0-19AFE5B103E6}.Debug|x64.ActiveCfg = Debug|x64
		{7DE6B4C0-0DA6-4E57-A3C0-19AFE5B103E6}.Debug|x64.Build.0 = Debug|x64
		{7DE6B4C0-0DA6-4E57-A3C0-19AFE5B103E6}.Debug|x86.ActiveCfg = Debug|Win32
		{7DE6B4C0-0DA6-4E57-A3C0-19AFE5B103E6}.Debug|x86.Build.0 = Debug|Win32
		{7DE6B4C0-0DA6-4E57-A3C0-19AFE5B103E6}.MinSizeRel|x64.ActiveCfg = Release|x64
		{7DE6B4C0-0DA6-4E57-A3C0-19AFE5B103E6}.MinSizeRel|x64.Build.0 = Release|x64
		{7DE6B4C0-0DA6-4E57-A3C0-19AFE5B103E6}.MinSizeRel|x86.ActiveCfg = Release|Win32
		{7DE6B4C0-0DA6-4E57-A3C0-19AFE5B103E6}.MinSizeRel|x86.Build.0 = Release|Win32
		{7DE6B4C0-0DA6-4E57-A3C0-19AFE5B103E6}.Release|x64.ActiveCfg = Release|x64
		{7DE6B4C0-0DA6-4E57-A3C0-19AFE5B103E6}.Release|x64.Build.0 = Release|x64
		{7DE6B4C0-0DA6-4E57-A3C0-19AFE5B103E6}.Release|x86.ActiveCfg = Release|Win32
		{7DE6B4C0-0DA6-4E57-A3C0-19AFE5B103E6}.Release|x86.Build.0 = Release|Win32
		{7DE6B4C0-0DA6-4E57-A3C0-19AFE5B103E6}.RelWithDebInfo|x64.ActiveCfg = Release|x64
		{7DE6B4C0-0DA6-4E57-A3C0-19AFE5B103E6}.RelWithDebInfo|x64.Build.0 = Release|x64
		{7DE6B4C0-0DA6-4E57-A3C0-19AFE5B103E6}.RelWithDebInfo|x86.ActiveCfg = Release|Win32
		{7DE6B4C0-0DA6-4E57-A3C0-19AFE5B103E6}.RelWithDebInfo|x86.Build.0 = Release|Win32
	EndGlobalSection
	GlobalSection(SolutionProperties) = preSolution
		HideSolutionNode = FALSE
	EndGlobalSection
EndGlobal
